
Microsoft Visual Studio Solution File, Format Version 12.00
# Visual Studio Version 17
VisualStudioVersion = 17.8.34316.72
MinimumVisualStudioVersion = 10.0.40219.1
Project("{FAE04EC0-301F-11D3-BF4B-00C04F79EFBC}") = "apis", "apis.csproj", "{1FBB280E-C2F0-41B7-9EA1-75840015A9E1}"
EndProject
Global
	GlobalSection(SolutionConfigurationPlatforms) = preSolution
		Debug|Any CPU = Debug|Any CPU
		Release|Any CPU = Release|Any CPU
	EndGlobalSection
	GlobalSection(ProjectConfigurationPlatforms) = postSolution
		{1FBB280E-C2F0-41B7-9EA1-75840015A9E1}.Debug|Any CPU.ActiveCfg = Debug|Any CPU
		{1FBB280E-C2F0-41B7-9EA1-75840015A9E1}.Debug|Any CPU.Build.0 = Debug|Any CPU
		{1FBB280E-C2F0-41B7-9EA1-75840015A9E1}.Release|Any CPU.ActiveCfg = Release|Any CPU
		{1FBB280E-C2F0-41B7-9EA1-75840015A9E1}.Release|Any CPU.Build.0 = Release|Any CPU
	EndGlobalSection
	GlobalSection(SolutionProperties) = preSolution
		HideSolutionNode = FALSE
	EndGlobalSection
	GlobalSection(ExtensibilityGlobals) = postSolution
		SolutionGuid = {16168C63-9BC9-485A-A26C-FAC8ACB13C80}
	EndGlobalSection
EndGlobal
